<?xml version="1.0" encoding="utf-8"?>
<Project ToolsVersion="4.0" xmlns="http://schemas.microsoft.com/developer/msbuild/2003">
  <ItemGroup>
    <Filter Include="Resource Files">
      <UniqueIdentifier>{D9D6E242-F8AF-46E4-B9FD-80ECBC20BA3E}</UniqueIdentifier>
      <Extensions>qrc;*</Extensions>
      <ParseFiles>false</ParseFiles>
    </Filter>
    <Filter Include="Resource Files">
      <UniqueIdentifier>{D9D6E242-F8AF-46E4-B9FD-80ECBC20BA3E}</UniqueIdentifier>
      <Extensions>qrc;*</Extensions>
      <ParseFiles>false</ParseFiles>
    </Filter>
    <Filter Include="Generated Files">
      <UniqueIdentifier>{71ED8ED8-ACB9-4CE9-BBE1-E00B30144E11}</UniqueIdentifier>
      <Extensions>moc;h;cpp</Extensions>
      <SourceControlFiles>False</SourceControlFiles>
    </Filter>
    <Filter Include="Generated Files\Debug">
      <UniqueIdentifier>{59d0e06c-2008-4896-ba5d-412311844c3e}</UniqueIdentifier>
      <Extensions>cpp;moc</Extensions>
      <SourceControlFiles>False</SourceControlFiles>
    </Filter>
    <Filter Include="Generated Files\Release">
      <UniqueIdentifier>{27a3fb66-0b22-479f-b74b-3bf373a4b200}</UniqueIdentifier>
      <Extensions>cpp;moc</Extensions>
      <SourceControlFiles>False</SourceControlFiles>
    </Filter>
    <Filter Include="BMainWindow">
      <UniqueIdentifier>{20f43df2-eaf7-4769-a65b-7e25724a18d6}</UniqueIdentifier>
    </Filter>
    <Filter Include="BRenderWidget">
      <UniqueIdentifier>{51c5990f-43f5-4904-8836-5b636b86c8cc}</UniqueIdentifier>
    </Filter>
    <Filter Include="BSceneEditorWidget">
      <UniqueIdentifier>{a296b536-b128-4f2b-a490-d1d716ae2e63}</UniqueIdentifier>
    </Filter>
  </ItemGroup>
  <ItemGroup>
    <ClCompile Include="BMainWindow\BMainWindow.cpp">
      <Filter>BMainWindow</Filter>
    </ClCompile>
    <ClCompile Include="GeneratedFiles\Debug\moc_BMainWindow.cpp">
      <Filter>Generated Files\Debug</Filter>
    </ClCompile>
    <ClCompile Include="GeneratedFiles\Release\moc_BMainWindow.cpp">
      <Filter>Generated Files\Release</Filter>
    </ClCompile>
    <ClCompile Include="BMainWindow\main.cpp">
      <Filter>BMainWindow</Filter>
    </ClCompile>
    <ClCompile Include="GeneratedFiles\qrc_BMainWindow.cpp">
      <Filter>Generated Files</Filter>
    </ClCompile>
    <ClCompile Include="GeneratedFiles\Debug\moc_BSceneEditorWidget.cpp">
      <Filter>Generated Files\Debug</Filter>
    </ClCompile>
    <ClCompile Include="GeneratedFiles\Release\moc_BSceneEditorWidget.cpp">
      <Filter>Generated Files\Release</Filter>
    </ClCompile>
    <ClCompile Include="BSceneEditorWidget\BSceneEditorWidget.cpp">
      <Filter>BSceneEditorWidget</Filter>
    </ClCompile>
  </ItemGroup>
  <ItemGroup>
    <CustomBuild Include="BMainWindow\BMainWindow.h">
      <Filter>BMainWindow</Filter>
    </CustomBuild>
    <CustomBuild Include="BMainWindow\BMainWindow.ui">
      <Filter>BMainWindow</Filter>
    </CustomBuild>
    <CustomBuild Include="Resources\BMainWindow.qrc">
      <Filter>Resource Files</Filter>
    </CustomBuild>
    <CustomBuild Include="BSceneEditorWidget\BSceneEditorWidget.h">
      <Filter>BSceneEditorWidget</Filter>
    </CustomBuild>
    <CustomBuild Include="BSceneEditorWidget\BSceneEditorWidget.ui">
      <Filter>BSceneEditorWidget</Filter>
    </CustomBuild>
  </ItemGroup>
  <ItemGroup>
    <ClInclude Include="GeneratedFiles\ui_BMainWindow.h">
      <Filter>Generated Files</Filter>
    </ClInclude>
    <ClInclude Include="GeneratedFiles\ui_BSceneEditorWidget.h">
      <Filter>Generated Files</Filter>
    </ClInclude>
  </ItemGroup>
</Project>