<?xml version="1.0" encoding="utf-8"?>
<Project ToolsVersion="4.0" xmlns="http://schemas.microsoft.com/developer/msbuild/2003">
  <ItemGroup>
    <Filter Include="parsing">
      <UniqueIdentifier>{9238be48-6999-4a20-9294-e3f44c199b03}</UniqueIdentifier>
    </Filter>
    <Filter Include="scene">
      <UniqueIdentifier>{4402b42c-57f0-409d-b96f-c0fd34955904}</UniqueIdentifier>
    </Filter>
    <Filter Include="ray_tracer">
      <UniqueIdentifier>{145223f7-1d1f-4cf4-b352-10426eea2e25}</UniqueIdentifier>
    </Filter>
    <Filter Include="img_buffer">
      <UniqueIdentifier>{24d900d1-ecea-4340-8c0e-6766e46e5543}</UniqueIdentifier>
    </Filter>
    <Filter Include="geometries">
      <UniqueIdentifier>{b2c3136e-a86c-4012-94a6-f0054c31e537}</UniqueIdentifier>
    </Filter>
  </ItemGroup>
  <ItemGroup>
    <ClInclude Include="parsing\RenderingConfig.h">
      <Filter>parsing</Filter>
    </ClInclude>
    <ClInclude Include="scene\Scene.h">
      <Filter>scene</Filter>
    </ClInclude>
    <ClInclude Include="ray_tracer\RayTracer.h">
      <Filter>ray_tracer</Filter>
    </ClInclude>
    <ClInclude Include="img_buffer\ImgBuffer.h">
      <Filter>img_buffer</Filter>
    </ClInclude>
    <ClInclude Include="geometries\Primitives.h">
      <Filter>geometries</Filter>
    </ClInclude>
    <ClInclude Include="geometries\MathFunctions.h">
      <Filter>geometries</Filter>
    </ClInclude>
    <ClInclude Include="scene\Camera.h">
      <Filter>scene</Filter>
    </ClInclude>
    <ClInclude Include="scene\KdTree.h">
      <Filter>scene</Filter>
    </ClInclude>
  </ItemGroup>
  <ItemGroup>
    <ClCompile Include="parsing\RenderingConfig.cpp">
      <Filter>parsing</Filter>
    </ClCompile>
    <ClCompile Include="scene\Scene.cpp">
      <Filter>scene</Filter>
    </ClCompile>
    <ClCompile Include="ray_tracer\RayTracer.cpp">
      <Filter>ray_tracer</Filter>
    </ClCompile>
    <ClCompile Include="geometries\MathFunctions.cpp">
      <Filter>geometries</Filter>
    </ClCompile>
    <ClCompile Include="scene\Camera.cpp">
      <Filter>scene</Filter>
    </ClCompile>
    <ClCompile Include="scene\KdTree.cpp">
      <Filter>scene</Filter>
    </ClCompile>
    <ClCompile Include="geometries\Primitives.cpp">
      <Filter>geometries</Filter>
    </ClCompile>
  </ItemGroup>
</Project>